<?xml version="1.0" encoding="utf-8"?>
<Project ToolsVersion="4.0" xmlns="http://schemas.microsoft.com/developer/msbuild/2003">
  <ItemGroup>
    <Filter Include="Source Files">
      <UniqueIdentifier>{4FC737F1-C7A5-4376-A066-2A32D752A2FF}</UniqueIdentifier>
      <Extensions>cpp;c;cc;cxx;def;odl;idl;hpj;bat;asm;asmx</Extensions>
    </Filter>
    <Filter Include="Header Files">
      <UniqueIdentifier>{93995380-89BD-4b04-88EB-625FBE52EBFB}</UniqueIdentifier>
      <Extensions>h;hpp;hxx;hm;inl;inc;xsd</Extensions>
    </Filter>
  </ItemGroup>
  <ItemGroup>
    <ClCompile Include="dir.c">
      <Filter>Source Files</Filter>
    </ClCompile>
    <ClCompile Include="err.c">
      <Filter>Source Files</Filter>
    </ClCompile>
    <ClCompile Include="fetch.c">
      <Filter>Source Files</Filter>
    </ClCompile>
    <ClCompile Include="file.c">
      <Filter>Source Files</Filter>
    </ClCompile>
    <ClCompile Include="fseeko.c">
      <Filter>Source Files</Filter>
    </ClCompile>
    <ClCompile Include="info.c">
      <Filter>Source Files</Filter>
    </ClCompile>
    <ClCompile Include="memdisk.c">
      <Filter>Source Files</Filter>
    </ClCompile>
    <ClCompile Include="mmapped.c">
      <Filter>Source Files</Filter>
    </ClCompile>
    <ClCompile Include="plugin.c">
      <Filter>Source Files</Filter>
    </ClCompile>
    <ClCompile Include="stat.c">
      <Filter>Source Files</Filter>
    </ClCompile>
    <ClCompile Include="write.c">
      <Filter>Source Files</Filter>
    </ClCompile>
    <ClCompile Include="zip.c">
      <Filter>Source Files</Filter>
    </ClCompile>
  </ItemGroup>
  <ItemGroup>
    <ClInclude Include="__debug.h">
      <Filter>Header Files</Filter>
    </ClInclude>
    <ClInclude Include="__dirent.h">
      <Filter>Header Files</Filter>
    </ClInclude>
    <ClInclude Include="__fnmatch.h">
      <Filter>Header Files</Filter>
    </ClInclude>
    <ClInclude Include="__hints.h">
      <Filter>Header Files</Filter>
    </ClInclude>
    <ClInclude Include="__mmap.h">
      <Filter>Header Files</Filter>
    </ClInclude>
    <ClInclude Include="_config.h">
      <Filter>Header Files</Filter>
    </ClInclude>
    <ClInclude Include="_msvc.h">
      <Filter>Header Files</Filter>
    </ClInclude>
    <ClInclude Include="autoconf.h">
      <Filter>Header Files</Filter>
    </ClInclude>
    <ClInclude Include="conf.h">
      <Filter>Header Files</Filter>
    </ClInclude>
    <ClInclude Include="fetch.h">
      <Filter>Header Files</Filter>
    </ClInclude>
    <ClInclude Include="file.h">
      <Filter>Header Files</Filter>
    </ClInclude>
    <ClInclude Include="format.h">
      <Filter>Header Files</Filter>
    </ClInclude>
    <ClInclude Include="fseeko.h">
      <Filter>Header Files</Filter>
    </ClInclude>
    <ClInclude Include="info.h">
      <Filter>Header Files</Filter>
    </ClInclude>
    <ClInclude Include="lib.h">
      <Filter>Header Files</Filter>
    </ClInclude>
    <ClInclude Include="memdisk.h">
      <Filter>Header Files</Filter>
    </ClInclude>
    <ClInclude Include="mmapped.h">
      <Filter>Header Files</Filter>
    </ClInclude>
    <ClInclude Include="plugin.h">
      <Filter>Header Files</Filter>
    </ClInclude>
    <ClInclude Include="stdint.h">
      <Filter>Header Files</Filter>
    </ClInclude>
    <ClInclude Include="types.h">
      <Filter>Header Files</Filter>
    </ClInclude>
    <ClInclude Include="write.h">
      <Filter>Header Files</Filter>
    </ClInclude>
    <ClInclude Include="zzip.h">
      <Filter>Header Files</Filter>
    </ClInclude>
  </ItemGroup>
</Project>