<?xml version="1.0" encoding="utf-8"?>
<Project ToolsVersion="4.0" xmlns="http://schemas.microsoft.com/developer/msbuild/2003">
  <ItemGroup>
    <Filter Include="Source Files">
      <UniqueIdentifier>{4FC737F1-C7A5-4376-A066-2A32D752A2FF}</UniqueIdentifier>
      <Extensions>cpp;c;cc;cxx;def;odl;idl;hpj;bat;asm;asmx</Extensions>
    </Filter>
    <Filter Include="Header Files">
      <UniqueIdentifier>{93995380-89BD-4b04-88EB-625FBE52EBFB}</UniqueIdentifier>
      <Extensions>h;hpp;hxx;hm;inl;inc;xsd</Extensions>
    </Filter>
  </ItemGroup>
  <ItemGroup>
    <ClInclude Include="src\load_pat.h">
      <Filter>Header Files</Filter>
    </ClInclude>
    <ClInclude Include="src\modplug.h">
      <Filter>Header Files</Filter>
    </ClInclude>
    <ClInclude Include="src\tables.h">
      <Filter>Header Files</Filter>
    </ClInclude>
  </ItemGroup>
  <ItemGroup>
    <ClCompile Include="src\fastmix.cpp">
      <Filter>Source Files</Filter>
    </ClCompile>
    <ClCompile Include="src\load_669.cpp">
      <Filter>Source Files</Filter>
    </ClCompile>
    <ClCompile Include="src\load_abc.cpp">
      <Filter>Source Files</Filter>
    </ClCompile>
    <ClCompile Include="src\load_amf.cpp">
      <Filter>Source Files</Filter>
    </ClCompile>
    <ClCompile Include="src\load_ams.cpp">
      <Filter>Source Files</Filter>
    </ClCompile>
    <ClCompile Include="src\load_dbm.cpp">
      <Filter>Source Files</Filter>
    </ClCompile>
    <ClCompile Include="src\load_dmf.cpp">
      <Filter>Source Files</Filter>
    </ClCompile>
    <ClCompile Include="src\load_dsm.cpp">
      <Filter>Source Files</Filter>
    </ClCompile>
    <ClCompile Include="src\load_far.cpp">
      <Filter>Source Files</Filter>
    </ClCompile>
    <ClCompile Include="src\load_it.cpp">
      <Filter>Source Files</Filter>
    </ClCompile>
    <ClCompile Include="src\load_j2b.cpp">
      <Filter>Source Files</Filter>
    </ClCompile>
    <ClCompile Include="src\load_mdl.cpp">
      <Filter>Source Files</Filter>
    </ClCompile>
    <ClCompile Include="src\load_med.cpp">
      <Filter>Source Files</Filter>
    </ClCompile>
    <ClCompile Include="src\load_mid.cpp">
      <Filter>Source Files</Filter>
    </ClCompile>
    <ClCompile Include="src\load_mod.cpp">
      <Filter>Source Files</Filter>
    </ClCompile>
    <ClCompile Include="src\load_mt2.cpp">
      <Filter>Source Files</Filter>
    </ClCompile>
    <ClCompile Include="src\load_mtm.cpp">
      <Filter>Source Files</Filter>
    </ClCompile>
    <ClCompile Include="src\load_okt.cpp">
      <Filter>Source Files</Filter>
    </ClCompile>
    <ClCompile Include="src\load_pat.cpp">
      <Filter>Source Files</Filter>
    </ClCompile>
    <ClCompile Include="src\load_psm.cpp">
      <Filter>Source Files</Filter>
    </ClCompile>
    <ClCompile Include="src\load_ptm.cpp">
      <Filter>Source Files</Filter>
    </ClCompile>
    <ClCompile Include="src\load_s3m.cpp">
      <Filter>Source Files</Filter>
    </ClCompile>
    <ClCompile Include="src\load_stm.cpp">
      <Filter>Source Files</Filter>
    </ClCompile>
    <ClCompile Include="src\load_ult.cpp">
      <Filter>Source Files</Filter>
    </ClCompile>
    <ClCompile Include="src\load_umx.cpp">
      <Filter>Source Files</Filter>
    </ClCompile>
    <ClCompile Include="src\load_wav.cpp">
      <Filter>Source Files</Filter>
    </ClCompile>
    <ClCompile Include="src\load_xm.cpp">
      <Filter>Source Files</Filter>
    </ClCompile>
    <ClCompile Include="src\mmcmp.cpp">
      <Filter>Source Files</Filter>
    </ClCompile>
    <ClCompile Include="src\modplug.cpp">
      <Filter>Source Files</Filter>
    </ClCompile>
    <ClCompile Include="src\snd_dsp.cpp">
      <Filter>Source Files</Filter>
    </ClCompile>
    <ClCompile Include="src\snd_flt.cpp">
      <Filter>Source Files</Filter>
    </ClCompile>
    <ClCompile Include="src\snd_fx.cpp">
      <Filter>Source Files</Filter>
    </ClCompile>
    <ClCompile Include="src\sndfile.cpp">
      <Filter>Source Files</Filter>
    </ClCompile>
    <ClCompile Include="src\sndmix.cpp">
      <Filter>Source Files</Filter>
    </ClCompile>
  </ItemGroup>
</Project>