<?xml version="1.0" encoding="utf-8"?>
<Project ToolsVersion="4.0" xmlns="http://schemas.microsoft.com/developer/msbuild/2003">
  <ItemGroup>
    <Filter Include="Source Files">
      <UniqueIdentifier>{4FC737F1-C7A5-4376-A066-2A32D752A2FF}</UniqueIdentifier>
      <Extensions>cpp;c;cc;cxx;def;odl;idl;hpj;bat;asm;asmx</Extensions>
    </Filter>
    <Filter Include="Header Files">
      <UniqueIdentifier>{93995380-89BD-4b04-88EB-625FBE52EBFB}</UniqueIdentifier>
      <Extensions>h;hpp;hxx;hm;inl;inc;xsd</Extensions>
    </Filter>
  </ItemGroup>
  <ItemGroup>
    <ClCompile Include="src\clipboard.c">
      <Filter>Source Files</Filter>
    </ClCompile>
    <ClCompile Include="src\context.c">
      <Filter>Source Files</Filter>
    </ClCompile>
    <ClCompile Include="src\gamma.c">
      <Filter>Source Files</Filter>
    </ClCompile>
    <ClCompile Include="src\init.c">
      <Filter>Source Files</Filter>
    </ClCompile>
    <ClCompile Include="src\input.c">
      <Filter>Source Files</Filter>
    </ClCompile>
    <ClCompile Include="src\joystick.c">
      <Filter>Source Files</Filter>
    </ClCompile>
    <ClCompile Include="src\time.c">
      <Filter>Source Files</Filter>
    </ClCompile>
    <ClCompile Include="src\wgl_context.c">
      <Filter>Source Files</Filter>
    </ClCompile>
    <ClCompile Include="src\win32_clipboard.c">
      <Filter>Source Files</Filter>
    </ClCompile>
    <ClCompile Include="src\win32_gamma.c">
      <Filter>Source Files</Filter>
    </ClCompile>
    <ClCompile Include="src\win32_init.c">
      <Filter>Source Files</Filter>
    </ClCompile>
    <ClCompile Include="src\win32_joystick.c">
      <Filter>Source Files</Filter>
    </ClCompile>
    <ClCompile Include="src\win32_time.c">
      <Filter>Source Files</Filter>
    </ClCompile>
    <ClCompile Include="src\win32_window.c">
      <Filter>Source Files</Filter>
    </ClCompile>
    <ClCompile Include="src\window.c">
      <Filter>Source Files</Filter>
    </ClCompile>
    <ClCompile Include="src\monitor.c">
      <Filter>Source Files</Filter>
    </ClCompile>
    <ClCompile Include="src\win32_monitor.c">
      <Filter>Source Files</Filter>
    </ClCompile>
  </ItemGroup>
  <ItemGroup>
    <ClInclude Include="src\internal.h">
      <Filter>Header Files</Filter>
    </ClInclude>
    <ClInclude Include="src\wgl_platform.h">
      <Filter>Header Files</Filter>
    </ClInclude>
    <ClInclude Include="src\win32_platform.h">
      <Filter>Header Files</Filter>
    </ClInclude>
    <ClInclude Include="src\config.h">
      <Filter>Header Files</Filter>
    </ClInclude>
    <ClInclude Include="include\GL\glfw3.h">
      <Filter>Header Files</Filter>
    </ClInclude>
    <ClInclude Include="include\GL\glfw3native.h">
      <Filter>Header Files</Filter>
    </ClInclude>
  </ItemGroup>
</Project>