<?xml version="1.0" encoding="utf-8"?>
<Project ToolsVersion="4.0" xmlns="http://schemas.microsoft.com/developer/msbuild/2003">
  <ItemGroup>
    <Filter Include="Source Files">
      <UniqueIdentifier>{4FC737F1-C7A5-4376-A066-2A32D752A2FF}</UniqueIdentifier>
      <Extensions>cpp;c;cc;cxx;def;odl;idl;hpj;bat;asm;asmx</Extensions>
    </Filter>
    <Filter Include="Source Files\script">
      <UniqueIdentifier>{8a97e8be-3fa4-4d2d-974c-70dc2c2397b8}</UniqueIdentifier>
    </Filter>
    <Filter Include="Header Files">
      <UniqueIdentifier>{93995380-89BD-4b04-88EB-625FBE52EBFB}</UniqueIdentifier>
      <Extensions>h;hpp;hxx;hm;inl;inc;xsd</Extensions>
    </Filter>
    <Filter Include="Header Files\script">
      <UniqueIdentifier>{38adebc1-9a33-4662-9abd-d5249c8333de}</UniqueIdentifier>
    </Filter>
    <Filter Include="Resource Files">
      <UniqueIdentifier>{67DA6AB6-F800-4c08-8B7A-83BB121AAD01}</UniqueIdentifier>
      <Extensions>rc;ico;cur;bmp;dlg;rc2;rct;bin;rgs;gif;jpg;jpeg;jpe;resx;tiff;tif;png;wav</Extensions>
    </Filter>
    <Filter Include="Source Files\core">
      <UniqueIdentifier>{51e1dbba-1bb7-4a45-a20d-721c2dda7b0f}</UniqueIdentifier>
    </Filter>
    <Filter Include="Header Files\core">
      <UniqueIdentifier>{d726bf1a-d4e2-4f7d-8faf-134cabbc905d}</UniqueIdentifier>
    </Filter>
    <Filter Include="Source Files\platform">
      <UniqueIdentifier>{be745fa8-3113-4413-88ee-e96538ec809f}</UniqueIdentifier>
    </Filter>
    <Filter Include="Source Files\platform\sdl">
      <UniqueIdentifier>{8750658e-b2d8-4600-9e37-28c755359278}</UniqueIdentifier>
    </Filter>
    <Filter Include="Source Files\platform\audiere">
      <UniqueIdentifier>{db2d791e-184d-49b8-9c81-1590c7ffe955}</UniqueIdentifier>
    </Filter>
    <Filter Include="Source Files\platform\corona">
      <UniqueIdentifier>{f462ebb8-f34a-4f26-a79e-bf9f4e991e41}</UniqueIdentifier>
    </Filter>
  </ItemGroup>
  <ItemGroup>
    <ClCompile Include="plum.cpp">
      <Filter>Source Files</Filter>
    </ClCompile>
    <ClCompile Include="script\canvas_object.cpp">
      <Filter>Source Files\script</Filter>
    </ClCompile>
    <ClCompile Include="script\font_object.cpp">
      <Filter>Source Files\script</Filter>
    </ClCompile>
    <ClCompile Include="script\image_object.cpp">
      <Filter>Source Files\script</Filter>
    </ClCompile>
    <ClCompile Include="script\input_object.cpp">
      <Filter>Source Files\script</Filter>
    </ClCompile>
    <ClCompile Include="script\keyboard_object.cpp">
      <Filter>Source Files\script</Filter>
    </ClCompile>
    <ClCompile Include="script\mouse_object.cpp">
      <Filter>Source Files\script</Filter>
    </ClCompile>
    <ClCompile Include="script\plum_module.cpp">
      <Filter>Source Files\script</Filter>
    </ClCompile>
    <ClCompile Include="script\point_object.cpp">
      <Filter>Source Files\script</Filter>
    </ClCompile>
    <ClCompile Include="script\rect_object.cpp">
      <Filter>Source Files\script</Filter>
    </ClCompile>
    <ClCompile Include="script\script.cpp">
      <Filter>Source Files\script</Filter>
    </ClCompile>
    <ClCompile Include="script\song_object.cpp">
      <Filter>Source Files\script</Filter>
    </ClCompile>
    <ClCompile Include="script\sound_object.cpp">
      <Filter>Source Files\script</Filter>
    </ClCompile>
    <ClCompile Include="script\tilemap_object.cpp">
      <Filter>Source Files\script</Filter>
    </ClCompile>
    <ClCompile Include="script\timer_object.cpp">
      <Filter>Source Files\script</Filter>
    </ClCompile>
    <ClCompile Include="script\transform_object.cpp">
      <Filter>Source Files\script</Filter>
    </ClCompile>
    <ClCompile Include="script\video_object.cpp">
      <Filter>Source Files\script</Filter>
    </ClCompile>
    <ClCompile Include="core\config.cpp">
      <Filter>Source Files\core</Filter>
    </ClCompile>
    <ClCompile Include="core\font.cpp">
      <Filter>Source Files\core</Filter>
    </ClCompile>
    <ClCompile Include="core\input.cpp">
      <Filter>Source Files\core</Filter>
    </ClCompile>
    <ClCompile Include="core\log.cpp">
      <Filter>Source Files\core</Filter>
    </ClCompile>
    <ClCompile Include="core\tilemap.cpp">
      <Filter>Source Files\core</Filter>
    </ClCompile>
    <ClCompile Include="core\blending.cpp">
      <Filter>Source Files\core</Filter>
    </ClCompile>
    <ClCompile Include="platform\sdl\engine.cpp">
      <Filter>Source Files\platform\sdl</Filter>
    </ClCompile>
    <ClCompile Include="platform\sdl\image.cpp">
      <Filter>Source Files\platform\sdl</Filter>
    </ClCompile>
    <ClCompile Include="platform\sdl\video.cpp">
      <Filter>Source Files\platform\sdl</Filter>
    </ClCompile>
    <ClCompile Include="platform\audiere\audio.cpp">
      <Filter>Source Files\platform\audiere</Filter>
    </ClCompile>
    <ClCompile Include="platform\sdl\input.cpp">
      <Filter>Source Files\platform\sdl</Filter>
    </ClCompile>
    <ClCompile Include="platform\corona\canvas.cpp">
      <Filter>Source Files\platform\corona</Filter>
    </ClCompile>
    <ClCompile Include="script\sprite_object.cpp">
      <Filter>Source Files\script</Filter>
    </ClCompile>
    <ClCompile Include="core\sprite.cpp">
      <Filter>Source Files\core</Filter>
    </ClCompile>
    <ClCompile Include="platform\sdl\timer.cpp">
      <Filter>Source Files\platform\sdl</Filter>
    </ClCompile>
    <ClCompile Include="core\file.cpp">
      <Filter>Source Files\core</Filter>
    </ClCompile>
    <ClCompile Include="script\file_object.cpp">
      <Filter>Source Files\script</Filter>
    </ClCompile>
  </ItemGroup>
  <ItemGroup>
    <ClInclude Include="resource.h">
      <Filter>Header Files</Filter>
    </ClInclude>
    <ClInclude Include="script\script.h">
      <Filter>Header Files\script</Filter>
    </ClInclude>
    <ClInclude Include="core\config.h">
      <Filter>Header Files\core</Filter>
    </ClInclude>
    <ClInclude Include="core\engine.h">
      <Filter>Header Files\core</Filter>
    </ClInclude>
    <ClInclude Include="core\font.h">
      <Filter>Header Files\core</Filter>
    </ClInclude>
    <ClInclude Include="core\input.h">
      <Filter>Header Files\core</Filter>
    </ClInclude>
    <ClInclude Include="core\log.h">
      <Filter>Header Files\core</Filter>
    </ClInclude>
    <ClInclude Include="core\tilemap.h">
      <Filter>Header Files\core</Filter>
    </ClInclude>
    <ClInclude Include="core\timer.h">
      <Filter>Header Files\core</Filter>
    </ClInclude>
    <ClInclude Include="core\audio.h">
      <Filter>Header Files\core</Filter>
    </ClInclude>
    <ClInclude Include="core\video.h">
      <Filter>Header Files\core</Filter>
    </ClInclude>
    <ClInclude Include="core\blending.h">
      <Filter>Header Files\core</Filter>
    </ClInclude>
    <ClInclude Include="core\canvas.h">
      <Filter>Header Files\core</Filter>
    </ClInclude>
    <ClInclude Include="core\color.h">
      <Filter>Header Files\core</Filter>
    </ClInclude>
    <ClInclude Include="core\image.h">
      <Filter>Header Files\core</Filter>
    </ClInclude>
    <ClInclude Include="core\transform.h">
      <Filter>Header Files\core</Filter>
    </ClInclude>
    <ClInclude Include="platform\sdl\event.h">
      <Filter>Source Files\platform\sdl</Filter>
    </ClInclude>
    <ClInclude Include="core\sprite.h">
      <Filter>Header Files\core</Filter>
    </ClInclude>
    <ClInclude Include="core\file.h">
      <Filter>Header Files\core</Filter>
    </ClInclude>
  </ItemGroup>
  <ItemGroup>
    <None Include="plum.ico">
      <Filter>Resource Files</Filter>
    </None>
  </ItemGroup>
  <ItemGroup>
    <ResourceCompile Include="Plum.rc">
      <Filter>Resource Files</Filter>
    </ResourceCompile>
  </ItemGroup>
</Project>